
Microsoft Visual Studio Solution File, Format Version 12.00
# Visual Studio Version 16
VisualStudioVersion = 16.0.31112.23
MinimumVisualStudioVersion = 10.0.40219.1
Project("{FAE04EC0-301F-11D3-BF4B-00C04F79EFBC}") = "CummulativeProject", "CummulativeProject\CummulativeProject.csproj", "{E5C75F4D-DA92-4915-B87E-784039E8FBCD}"
EndProject
Global
	GlobalSection(SolutionConfigurationPlatforms) = preSolution
		Debug|Any CPU = Debug|Any CPU
		Release|Any CPU = Release|Any CPU
	EndGlobalSection
	GlobalSection(ProjectConfigurationPlatforms) = postSolution
		{E5C75F4D-DA92-4915-B87E-784039E8FBCD}.Debug|Any CPU.ActiveCfg = Debug|Any CPU
		{E5C75F4D-DA92-4915-B87E-784039E8FBCD}.Debug|Any CPU.Build.0 = Debug|Any CPU
		{E5C75F4D-DA92-4915-B87E-784039E8FBCD}.Release|Any CPU.ActiveCfg = Release|Any CPU
		{E5C75F4D-DA92-4915-B87E-784039E8FBCD}.Release|Any CPU.Build.0 = Release|Any CPU
	EndGlobalSection
	GlobalSection(SolutionProperties) = preSolution
		HideSolutionNode = FALSE
	EndGlobalSection
	GlobalSection(ExtensibilityGlobals) = postSolution
		SolutionGuid = {3DE8DB14-C14E-4738-B2BD-6CBA3C5D7714}
	EndGlobalSection
EndGlobal
